
Microsoft Visual Studio Solution File, Format Version 12.00
# Visual Studio Version 16
VisualStudioVersion = 16.0.31729.503
MinimumVisualStudioVersion = 10.0.40219.1
Project("{9A19103F-16F7-4668-BE54-9A1E7A4F7556}") = "IUPTest", "IUPTest\IUPTest.csproj", "{A7DFCA53-8BB2-4CE8-B933-86B999B271BD}"
EndProject
Project("{FAE04EC0-301F-11D3-BF4B-00C04F79EFBC}") = "Tecgraf", "Tecgraf\Tecgraf.csproj", "{061E2538-975D-4564-B9A2-676909944F1E}"
EndProject
Global
	GlobalSection(SolutionConfigurationPlatforms) = preSolution
		Debug|Any CPU = Debug|Any CPU
		Release|Any CPU = Release|Any CPU
	EndGlobalSection
	GlobalSection(ProjectConfigurationPlatforms) = postSolution
		{A7DFCA53-8BB2-4CE8-B933-86B999B271BD}.Debug|Any CPU.ActiveCfg = Debug|Any CPU
		{A7DFCA53-8BB2-4CE8-B933-86B999B271BD}.Debug|Any CPU.Build.0 = Debug|Any CPU
		{A7DFCA53-8BB2-4CE8-B933-86B999B271BD}.Release|Any CPU.ActiveCfg = Release|Any CPU
		{A7DFCA53-8BB2-4CE8-B933-86B999B271BD}.Release|Any CPU.Build.0 = Release|Any CPU
		{061E2538-975D-4564-B9A2-676909944F1E}.Debug|Any CPU.ActiveCfg = Debug|Any CPU
		{061E2538-975D-4564-B9A2-676909944F1E}.Debug|Any CPU.Build.0 = Debug|Any CPU
		{061E2538-975D-4564-B9A2-676909944F1E}.Release|Any CPU.ActiveCfg = Release|Any CPU
		{061E2538-975D-4564-B9A2-676909944F1E}.Release|Any CPU.Build.0 = Release|Any CPU
	EndGlobalSection
	GlobalSection(SolutionProperties) = preSolution
		HideSolutionNode = FALSE
	EndGlobalSection
	GlobalSection(ExtensibilityGlobals) = postSolution
		SolutionGuid = {1717B520-4D58-46DB-8EB8-21863C9E906C}
	EndGlobalSection
EndGlobal
